{
  "requires": true,
  "lockfileVersion": 1,
  "dependencies": {
    "@aws-sdk/is-array-buffer": {
      "version": "3.55.0",
      "resolved": "https://registry.npmjs.org/@aws-sdk/is-array-buffer/-/is-array-buffer-3.55.0.tgz",
      "integrity": "sha512-NbiPHVYuPxdqdFd6FxzzN3H1BQn/iWA3ri3Ry7AyLeP/tGs1yzEWMwf8BN8TSMALI0GXT6Sh0GDWy3Ok5xB6DA==",
      "requires": {
        "tslib": "^2.3.1"
      }
    },
    "@aws-sdk/middleware-sdk-s3": {
      "version": "3.86.0",
      "resolved": "https://registry.npmjs.org/@aws-sdk/middleware-sdk-s3/-/middleware-sdk-s3-3.86.0.tgz",
      "integrity": "sha512-1L9q8iJXy/KNyVR8JRs4DZ5SJse6nJPiK4AR8c2xF5FWHdGoFaLcdqpg2/TLB1kpdcfGgNp96uCROxh+IPXtDQ==",
      "requires": {
        "@aws-sdk/protocol-http": "3.78.0",
        "@aws-sdk/types": "3.78.0",
        "@aws-sdk/util-arn-parser": "3.55.0",
        "tslib": "^2.3.1"
      }
    },
    "@aws-sdk/middleware-stack": {
      "version": "3.78.0",
      "resolved": "https://registry.npmjs.org/@aws-sdk/middleware-stack/-/middleware-stack-3.78.0.tgz",
      "integrity": "sha512-UoNfRh6eAJN3BJHlG1eb+KeuSe+zARTC2cglroJRyHc2j7GxH2i9FD3IJbj5wvzopJEnQzuY/VCs6STFkqWL1g==",
      "requires": {
        "tslib": "^2.3.1"
      }
    },
    "@aws-sdk/protocol-http": {
      "version": "3.78.0",
      "resolved": "https://registry.npmjs.org/@aws-sdk/protocol-http/-/protocol-http-3.78.0.tgz",
      "integrity": "sha512-SQB26MhEK96yDxyXd3UAaxLz1Y/ZvgE4pzv7V3wZiokdEedM0kawHKEn1UQJlqJLEZcQI9QYyysh3rTvHZ3fyg==",
      "requires": {
        "@aws-sdk/types": "3.78.0",
        "tslib": "^2.3.1"
      }
    },
    "@aws-sdk/querystring-builder": {
      "version": "3.78.0",
      "resolved": "https://registry.npmjs.org/@aws-sdk/querystring-builder/-/querystring-builder-3.78.0.tgz",
      "integrity": "sha512-aib6RW1WAaTQDqVgRU1Ku9idkhm90gJKbCxVaGId+as6QHNUqMChEfK2v+0afuKiPNOs5uWmqvOXI9+Gt+UGDg==",
      "requires": {
        "@aws-sdk/types": "3.78.0",
        "@aws-sdk/util-uri-escape": "3.55.0",
        "tslib": "^2.3.1"
      }
    },
    "@aws-sdk/s3-request-presigner": {
      "version": "3.95.0",
      "resolved": "https://registry.npmjs.org/@aws-sdk/s3-request-presigner/-/s3-request-presigner-3.95.0.tgz",
      "integrity": "sha512-mZPE/AAHcXAnIR41AV7FeKj2YPclYPp0vccrYQW/pQHgyMSVXcQQm52XnG2FwIjAK+BH4/fgCqYXevc7kOpi+g==",
      "requires": {
        "@aws-sdk/middleware-sdk-s3": "3.86.0",
        "@aws-sdk/protocol-http": "3.78.0",
        "@aws-sdk/signature-v4-multi-region": "3.88.0",
        "@aws-sdk/smithy-client": "3.85.0",
        "@aws-sdk/types": "3.78.0",
        "@aws-sdk/util-create-request": "3.85.0",
        "@aws-sdk/util-format-url": "3.78.0",
        "tslib": "^2.3.1"
      }
    },
    "@aws-sdk/signature-v4": {
      "version": "3.78.0",
      "resolved": "https://registry.npmjs.org/@aws-sdk/signature-v4/-/signature-v4-3.78.0.tgz",
      "integrity": "sha512-eePjRYuzKoi3VMr/lgrUEF1ytLeH4fA/NMCykr/uR6NMo4bSJA59KrFLYSM7SlWLRIyB0UvJqygVEvSxFluyDw==",
      "requires": {
        "@aws-sdk/is-array-buffer": "3.55.0",
        "@aws-sdk/types": "3.78.0",
        "@aws-sdk/util-hex-encoding": "3.58.0",
        "@aws-sdk/util-middleware": "3.78.0",
        "@aws-sdk/util-uri-escape": "3.55.0",
        "tslib": "^2.3.1"
      }
    },
    "@aws-sdk/signature-v4-multi-region": {
      "version": "3.88.0",
      "resolved": "https://registry.npmjs.org/@aws-sdk/signature-v4-multi-region/-/signature-v4-multi-region-3.88.0.tgz",
      "integrity": "sha512-RBbyQRpohlIQiuZc5qAvwbXO0Bob9XhHFS/kuLh+DcyeaBp+m+Bt291FX1Ksz2A0Q3ETNM34LFt7kTOBtMvjIQ==",
      "requires": {
        "@aws-sdk/protocol-http": "3.78.0",
        "@aws-sdk/signature-v4": "3.78.0",
        "@aws-sdk/types": "3.78.0",
        "@aws-sdk/util-arn-parser": "3.55.0",
        "tslib": "^2.3.1"
      }
    },
    "@aws-sdk/smithy-client": {
      "version": "3.85.0",
      "resolved": "https://registry.npmjs.org/@aws-sdk/smithy-client/-/smithy-client-3.85.0.tgz",
      "integrity": "sha512-Ox/yQEAnANzhpJMyrpuxWtF/i3EviavENczT7fo4uwSyZTz/sfSBQNjs/YAG1UeA6uOI3pBP5EaFERV5hr2fRA==",
      "requires": {
        "@aws-sdk/middleware-stack": "3.78.0",
        "@aws-sdk/types": "3.78.0",
        "tslib": "^2.3.1"
      }
    },
    "@aws-sdk/types": {
      "version": "3.78.0",
      "resolved": "https://registry.npmjs.org/@aws-sdk/types/-/types-3.78.0.tgz",
      "integrity": "sha512-I9PTlVNSbwhIgMfmDM5as1tqRIkVZunjVmfogb2WVVPp4CaX0Ll01S0FSMSLL9k6tcQLXqh45pFRjrxCl9WKdQ=="
    },
    "@aws-sdk/util-arn-parser": {
      "version": "3.55.0",
      "resolved": "https://registry.npmjs.org/@aws-sdk/util-arn-parser/-/util-arn-parser-3.55.0.tgz",
      "integrity": "sha512-76KJxp4MRWufHYWys7DFl64znr5yeJ3AIQNAPCKKw1sP0hzO7p6Kx0PaJnw9x+CPSzOrT4NbuApL6/srYhKDGg==",
      "requires": {
        "tslib": "^2.3.1"
      }
    },
    "@aws-sdk/util-create-request": {
      "version": "3.85.0",
      "resolved": "https://registry.npmjs.org/@aws-sdk/util-create-request/-/util-create-request-3.85.0.tgz",
      "integrity": "sha512-AQrG+mIgjtcN23O4zCAWpIwyPIHzKZAcPbF8OROAbNcQcMwyg2Q9hyodRR5l3fzGG2jiRt9P3copvORBWB7diA==",
      "requires": {
        "@aws-sdk/middleware-stack": "3.78.0",
        "@aws-sdk/smithy-client": "3.85.0",
        "@aws-sdk/types": "3.78.0",
        "tslib": "^2.3.1"
      }
    },
    "@aws-sdk/util-format-url": {
      "version": "3.78.0",
      "resolved": "https://registry.npmjs.org/@aws-sdk/util-format-url/-/util-format-url-3.78.0.tgz",
      "integrity": "sha512-wdjt8ZAMyBrH/02QrQtB+S9cwtsBJ6bXRJ3XwL6z7L75nwTflKkzOQUS5Ie7HBf3j3JH0KhlqlEbf2nnM9jsPQ==",
      "requires": {
        "@aws-sdk/querystring-builder": "3.78.0",
        "@aws-sdk/types": "3.78.0",
        "tslib": "^2.3.1"
      }
    },
    "@aws-sdk/util-hex-encoding": {
      "version": "3.58.0",
      "resolved": "https://registry.npmjs.org/@aws-sdk/util-hex-encoding/-/util-hex-encoding-3.58.0.tgz",
      "integrity": "sha512-Rl+jXUzk/FJkOLYfUVYPhKa2aUmTpeobRP31l8IatQltSzDgLyRHO35f6UEs7Ztn5s1jbu/POatLAZ2WjbgVyg==",
      "requires": {
        "tslib": "^2.3.1"
      }
    },
    "@aws-sdk/util-middleware": {
      "version": "3.78.0",
      "resolved": "https://registry.npmjs.org/@aws-sdk/util-middleware/-/util-middleware-3.78.0.tgz",
      "integrity": "sha512-Hi3wv2b0VogO4mzyeEaeU5KgIt4qeo0LXU5gS6oRrG0T7s2FyKbMBkJW3YDh/Y8fNwqArZ+/QQFujpP0PIKwkA==",
      "requires": {
        "tslib": "^2.3.1"
      }
    },
    "@aws-sdk/util-uri-escape": {
      "version": "3.55.0",
      "resolved": "https://registry.npmjs.org/@aws-sdk/util-uri-escape/-/util-uri-escape-3.55.0.tgz",
      "integrity": "sha512-mmdDLUpFCN2nkfwlLdOM54lTD528GiGSPN1qb8XtGLgZsJUmg3uJSFIN2lPeSbEwJB3NFjVas/rnQC48i7mV8w==",
      "requires": {
        "tslib": "^2.3.1"
      }
    },
    "aws-sdk": {
      "version": "2.1140.0",
      "resolved": "https://registry.npmjs.org/aws-sdk/-/aws-sdk-2.1140.0.tgz",
      "integrity": "sha512-cNdq56UQrUzXmCgwo0/J5GGLmfHn+Vp38qgcK/Xd86Sch8P9v2o8tNv7J82mYU98YY2vO007BMxRylA4Sd8PkQ==",
      "requires": {
        "buffer": "4.9.2",
        "events": "1.1.1",
        "ieee754": "1.1.13",
        "jmespath": "0.16.0",
        "querystring": "0.2.0",
        "sax": "1.2.1",
        "url": "0.10.3",
        "uuid": "3.3.2",
        "xml2js": "0.4.19"
      }
    },
    "base64-js": {
      "version": "1.5.1",
      "resolved": "https://registry.npmjs.org/base64-js/-/base64-js-1.5.1.tgz",
      "integrity": "sha512-AKpaYlHn8t4SVbOHCy+b5+KKgvR4vrsD8vbvrbiQJps7fKDTkjkDry6ji0rUJjC0kzbNePLwzxq8iypo41qeWA=="
    },
    "buffer": {
      "version": "4.9.2",
      "resolved": "https://registry.npmjs.org/buffer/-/buffer-4.9.2.tgz",
      "integrity": "sha512-xq+q3SRMOxGivLhBNaUdC64hDTQwejJ+H0T/NB1XMtTVEwNTrfFF3gAxiyW0Bu/xWEGhjVKgUcMhCrUy2+uCWg==",
      "requires": {
        "base64-js": "^1.0.2",
        "ieee754": "^1.1.4",
        "isarray": "^1.0.0"
      }
    },
    "events": {
      "version": "1.1.1",
      "resolved": "https://registry.npmjs.org/events/-/events-1.1.1.tgz",
      "integrity": "sha1-nr23Y1rQmccNzEwqH1AEKI6L2SQ="
    },
    "ieee754": {
      "version": "1.1.13",
      "resolved": "https://registry.npmjs.org/ieee754/-/ieee754-1.1.13.tgz",
      "integrity": "sha512-4vf7I2LYV/HaWerSo3XmlMkp5eZ83i+/CDluXi/IGTs/O1sejBNhTtnxzmRZfvOUqj7lZjqHkeTvpgSFDlWZTg=="
    },
    "isarray": {
      "version": "1.0.0",
      "resolved": "https://registry.npmjs.org/isarray/-/isarray-1.0.0.tgz",
      "integrity": "sha1-u5NdSFgsuhaMBoNJV6VKPgcSTxE="
    },
    "jmespath": {
      "version": "0.16.0",
      "resolved": "https://registry.npmjs.org/jmespath/-/jmespath-0.16.0.tgz",
      "integrity": "sha512-9FzQjJ7MATs1tSpnco1K6ayiYE3figslrXA72G2HQ/n76RzvYlofyi5QM+iX4YRs/pu3yzxlVQSST23+dMDknw=="
    },
    "punycode": {
      "version": "1.3.2",
      "resolved": "https://registry.npmjs.org/punycode/-/punycode-1.3.2.tgz",
      "integrity": "sha1-llOgNvt8HuQjQvIyXM7v6jkmxI0="
    },
    "querystring": {
      "version": "0.2.0",
      "resolved": "https://registry.npmjs.org/querystring/-/querystring-0.2.0.tgz",
      "integrity": "sha1-sgmEkgO7Jd+CDadW50cAWHhSFiA="
    },
    "sax": {
      "version": "1.2.1",
      "resolved": "https://registry.npmjs.org/sax/-/sax-1.2.1.tgz",
      "integrity": "sha1-e45lYZCyKOgaZq6nSEgNgozS03o="
    },
    "tslib": {
      "version": "2.4.0",
      "resolved": "https://registry.npmjs.org/tslib/-/tslib-2.4.0.tgz",
      "integrity": "sha512-d6xOpEDfsi2CZVlPQzGeux8XMwLT9hssAsaPYExaQMuYskwb+x1x7J371tWlbBdWHroy99KnVB6qIkUbs5X3UQ=="
    },
    "url": {
      "version": "0.10.3",
      "resolved": "https://registry.npmjs.org/url/-/url-0.10.3.tgz",
      "integrity": "sha1-Ah5NnHcF8hu/N9A861h2dAJ3TGQ=",
      "requires": {
        "punycode": "1.3.2",
        "querystring": "0.2.0"
      }
    },
    "uuid": {
      "version": "3.3.2",
      "resolved": "https://registry.npmjs.org/uuid/-/uuid-3.3.2.tgz",
      "integrity": "sha512-yXJmeNaw3DnnKAOKJE51sL/ZaYfWJRl1pK9dr19YFCu0ObS231AB1/LbqTKRAQ5kw8A90rA6fr4riOUpTZvQZA=="
    },
    "xml2js": {
      "version": "0.4.19",
      "resolved": "https://registry.npmjs.org/xml2js/-/xml2js-0.4.19.tgz",
      "integrity": "sha512-esZnJZJOiJR9wWKMyuvSE1y6Dq5LCuJanqhxslH2bxM6duahNZ+HMpCLhBQGZkbX6xRf8x1Y2eJlgt2q3qo49Q==",
      "requires": {
        "sax": ">=0.6.0",
        "xmlbuilder": "~9.0.1"
      }
    },
    "xmlbuilder": {
      "version": "9.0.7",
      "resolved": "https://registry.npmjs.org/xmlbuilder/-/xmlbuilder-9.0.7.tgz",
      "integrity": "sha1-Ey7mPS7FVlxVfiD0wi35rKaGsQ0="
    }
  }
}
